// !$*UTF8*$!
{
	archiveVersion = 1;
	classes = {
	};
	objectVersion = 46;
	objects = {

/* Begin PBXBuildFile section */
		F6EDEE5F1D6AE83900C6261E /* AppDelegate.swift in Sources */ = {isa = PBXBuildFile; fileRef = F6EDEE5E1D6AE83900C6261E /* AppDelegate.swift */; };
		F6EDEE611D6AE83900C6261E /* ViewController.swift in Sources */ = {isa = PBXBuildFile; fileRef = F6EDEE601D6AE83900C6261E /* ViewController.swift */; };
		F6EDEE641D6AE83900C6261E /* Main.storyboard in Resources */ = {isa = PBXBuildFile; fileRef = F6EDEE621D6AE83900C6261E /* Main.storyboard */; };
		F6EDEE661D6AE83900C6261E /* Assets.xcassets in Resources */ = {isa = PBXBuildFile; fileRef = F6EDEE651D6AE83900C6261E /* Assets.xcassets */; };
		F6EDEE691D6AE83900C6261E /* LaunchScreen.storyboard in Resources */ = {isa = PBXBuildFile; fileRef = F6EDEE671D6AE83900C6261E /* LaunchScreen.storyboard */; };
		F6EDEE741D6AE83A00C6261E /* p2Tests.swift in Sources */ = {isa = PBXBuildFile; fileRef = F6EDEE731D6AE83A00C6261E /* p2Tests.swift */; };
		F6EDEE7F1D6AE83A00C6261E /* p2UITests.swift in Sources */ = {isa = PBXBuildFile; fileRef = F6EDEE7E1D6AE83A00C6261E /* p2UITests.swift */; };
/* End PBXBuildFile section */

/* Begin PBXContainerItemProxy section */
		F6EDEE701D6AE83A00C6261E /* PBXContainerItemProxy */ = {
			isa = PBXContainerItemProxy;
			containerPortal = F6EDEE531D6AE83900C6261E /* Project object */;
			proxyType = 1;
			remoteGlobalIDString = F6EDEE5A1D6AE83900C6261E;
			remoteInfo = p2;
		};
		F6EDEE7B1D6AE83A00C6261E /* PBXContainerItemProxy */ = {
			isa = PBXContainerItemProxy;
			containerPortal = F6EDEE531D6AE83900C6261E /* Project object */;
			proxyType = 1;
			remoteGlobalIDString = F6EDEE5A1D6AE83900C6261E;
			remoteInfo = p2;
		};
/* End PBXContainerItemProxy section */

/* Begin PBXFileReference section */
		F6EDEE5B1D6AE83900C6261E /* p2.app */ = {isa = PBXFileReference; explicitFileType = wrapper.application; includeInIndex = 0; path = p2.app; sourceTree = BUILT_PRODUCTS_DIR; };
		F6EDEE5E1D6AE83900C6261E /* AppDelegate.swift */ = {isa = PBXFileReference; lastKnownFileType = sourcecode.swift; path = AppDelegate.swift; sourceTree = "<group>"; };
		F6EDEE601D6AE83900C6261E /* ViewController.swift */ = {isa = PBXFileReference; lastKnownFileType = sourcecode.swift; path = ViewController.swift; sourceTree = "<group>"; };
		F6EDEE631D6AE83900C6261E /* Base */ = {isa = PBXFileReference; lastKnownFileType = file.storyboard; name = Base; path = Base.lproj/Main.storyboard; sourceTree = "<group>"; };
		F6EDEE651D6AE83900C6261E /* Assets.xcassets */ = {isa = PBXFileReference; lastKnownFileType = folder.assetcatalog; path = Assets.xcassets; sourceTree = "<group>"; };
		F6EDEE681D6AE83900C6261E /* Base */ = {isa = PBXFileReference; lastKnownFileType = file.storyboard; name = Base; path = Base.lproj/LaunchScreen.storyboard; sourceTree = "<group>"; };
		F6EDEE6A1D6AE83A00C6261E /* Info.plist */ = {isa = PBXFileReference; lastKnownFileType = text.plist.xml; path = Info.plist; sourceTree = "<group>"; };
		F6EDEE6F1D6AE83A00C6261E /* p2Tests.xctest */ = {isa = PBXFileReference; explicitFileType = wrapper.cfbundle; includeInIndex = 0; path = p2Tests.xctest; sourceTree = BUILT_PRODUCTS_DIR; };
		F6EDEE731D6AE83A00C6261E /* p2Tests.swift */ = {isa = PBXFileReference; lastKnownFileType = sourcecode.swift; path = p2Tests.swift; sourceTree = "<group>"; };
		F6EDEE751D6AE83A00C6261E /* Info.plist */ = {isa = PBXFileReference; lastKnownFileType = text.plist.xml; path = Info.plist; sourceTree = "<group>"; };
		F6EDEE7A1D6AE83A00C6261E /* p2UITests.xctest */ = {isa = PBXFileReference; explicitFileType = wrapper.cfbundle; includeInIndex = 0; path = p2UITests.xctest; sourceTree = BUILT_PRODUCTS_DIR; };
		F6EDEE7E1D6AE83A00C6261E /* p2UITests.swift */ = {isa = PBXFileReference; lastKnownFileType = sourcecode.swift; path = p2UITests.swift; sourceTree = "<group>"; };
		F6EDEE801D6AE83A00C6261E /* Info.plist */ = {isa = PBXFileReference; lastKnownFileType = text.plist.xml; path = Info.plist; sourceTree = "<group>"; };
/* End PBXFileReference section */

/* Begin PBXFrameworksBuildPhase section */
		F6EDEE581D6AE83900C6261E /* Frameworks */ = {
			isa = PBXFrameworksBuildPhase;
			buildActionMask = 2147483647;
			files = (
			);
			runOnlyForDeploymentPostprocessing = 0;
		};
		F6EDEE6C1D6AE83A00C6261E /* Frameworks */ = {
			isa = PBXFrameworksBuildPhase;
			buildActionMask = 2147483647;
			files = (
			);
			runOnlyForDeploymentPostprocessing = 0;
		};
		F6EDEE771D6AE83A00C6261E /* Frameworks */ = {
			isa = PBXFrameworksBuildPhase;
			buildActionMask = 2147483647;
			files = (
			);
			runOnlyForDeploymentPostprocessing = 0;
		};
/* End PBXFrameworksBuildPhase section */

/* Begin PBXGroup section */
		F6EDEE521D6AE83900C6261E = {
			isa = PBXGroup;
			children = (
				F6EDEE5D1D6AE83900C6261E /* p2 */,
				F6EDEE721D6AE83A00C6261E /* p2Tests */,
				F6EDEE7D1D6AE83A00C6261E /* p2UITests */,
				F6EDEE5C1D6AE83900C6261E /* Products */,
			);
			sourceTree = "<group>";
		};
		F6EDEE5C1D6AE83900C6261E /* Products */ = {
			isa = PBXGroup;
			children = (
				F6EDEE5B1D6AE83900C6261E /* p2.app */,
				F6EDEE6F1D6AE83A00C6261E /* p2Tests.xctest */,
				F6EDEE7A1D6AE83A00C6261E /* p2UITests.xctest */,
			);
			name = Products;
			sourceTree = "<group>";
		};
		F6EDEE5D1D6AE83900C6261E /* p2 */ = {
			isa = PBXGroup;
			children = (
				F6EDEE5E1D6AE83900C6261E /* AppDelegate.swift */,
				F6EDEE601D6AE83900C6261E /* ViewController.swift */,
				F6EDEE621D6AE83900C6261E /* Main.storyboard */,
				F6EDEE651D6AE83900C6261E /* Assets.xcassets */,
				F6EDEE671D6AE83900C6261E /* LaunchScreen.storyboard */,
				F6EDEE6A1D6AE83A00C6261E /* Info.plist */,
			);
			path = p2;
			sourceTree = "<group>";
		};
		F6EDEE721D6AE83A00C6261E /* p2Tests */ = {
			isa = PBXGroup;
			children = (
				F6EDEE731D6AE83A00C6261E /* p2Tests.swift */,
				F6EDEE751D6AE83A00C6261E /* Info.plist */,
			);
			path = p2Tests;
			sourceTree = "<group>";
		};
		F6EDEE7D1D6AE83A00C6261E /* p2UITests */ = {
			isa = PBXGroup;
			children = (
				F6EDEE7E1D6AE83A00C6261E /* p2UITests.swift */,
				F6EDEE801D6AE83A00C6261E /* Info.plist */,
			);
			path = p2UITests;
			sourceTree = "<group>";
		};
/* End PBXGroup section */

/* Begin PBXNativeTarget section */
		F6EDEE5A1D6AE83900C6261E /* p2 */ = {
			isa = PBXNativeTarget;
			buildConfigurationList = F6EDEE831D6AE83A00C6261E /* Build configuration list for PBXNativeTarget "p2" */;
			buildPhases = (
				F6EDEE571D6AE83900C6261E /* Sources */,
				F6EDEE581D6AE83900C6261E /* Frameworks */,
				F6EDEE591D6AE83900C6261E /* Resources */,
			);
			buildRules = (
			);
			dependencies = (
			);
			name = p2;
			productName = p2;
			productReference = F6EDEE5B1D6AE83900C6261E /* p2.app */;
			productType = "com.apple.product-type.application";
		};
		F6EDEE6E1D6AE83A00C6261E /* p2Tests */ = {
			isa = PBXNativeTarget;
			buildConfigurationList = F6EDEE861D6AE83A00C6261E /* Build configuration list for PBXNativeTarget "p2Tests" */;
			buildPhases = (
				F6EDEE6B1D6AE83A00C6261E /* Sources */,
				F6EDEE6C1D6AE83A00C6261E /* Frameworks */,
				F6EDEE6D1D6AE83A00C6261E /* Resources */,
			);
			buildRules = (
			);
			dependencies = (
				F6EDEE711D6AE83A00C6261E /* PBXTargetDependency */,
			);
			name = p2Tests;
			productName = p2Tests;
			productReference = F6EDEE6F1D6AE83A00C6261E /* p2Tests.xctest */;
			productType = "com.apple.product-type.bundle.unit-test";
		};
		F6EDEE791D6AE83A00C6261E /* p2UITests */ = {
			isa = PBXNativeTarget;
			buildConfigurationList = F6EDEE891D6AE83A00C6261E /* Build configuration list for PBXNativeTarget "p2UITests" */;
			buildPhases = (
				F6EDEE761D6AE83A00C6261E /* Sources */,
				F6EDEE771D6AE83A00C6261E /* Frameworks */,
				F6EDEE781D6AE83A00C6261E /* Resources */,
			);
			buildRules = (
			);
			dependencies = (
				F6EDEE7C1D6AE83A00C6261E /* PBXTargetDependency */,
			);
			name = p2UITests;
			productName = p2UITests;
			productReference = F6EDEE7A1D6AE83A00C6261E /* p2UITests.xctest */;
			productType = "com.apple.product-type.bundle.ui-testing";
		};
/* End PBXNativeTarget section */

/* Begin PBXProject section */
		F6EDEE531D6AE83900C6261E /* Project object */ = {
			isa = PBXProject;
			attributes = {
				LastUpgradeCheck = 0700;
				ORGANIZATIONNAME = Jesusdi;
				TargetAttributes = {
					F6EDEE5A1D6AE83900C6261E = {
						CreatedOnToolsVersion = 7.0.1;
					};
					F6EDEE6E1D6AE83A00C6261E = {
						CreatedOnToolsVersion = 7.0.1;
						TestTargetID = F6EDEE5A1D6AE83900C6261E;
					};
					F6EDEE791D6AE83A00C6261E = {
						CreatedOnToolsVersion = 7.0.1;
						TestTargetID = F6EDEE5A1D6AE83900C6261E;
					};
				};
			};
			buildConfigurationList = F6EDEE561D6AE83900C6261E /* Build configuration list for PBXProject "p2" */;
			compatibilityVersion = "Xcode 3.2";
			developmentRegion = English;
			hasScannedForEncodings = 0;
			knownRegions = (
				en,
				Base,
			);
			mainGroup = F6EDEE521D6AE83900C6261E;
			productRefGroup = F6EDEE5C1D6AE83900C6261E /* Products */;
			projectDirPath = "";
			projectRoot = "";
			targets = (
				F6EDEE5A1D6AE83900C6261E /* p2 */,
				F6EDEE6E1D6AE83A00C6261E /* p2Tests */,
				F6EDEE791D6AE83A00C6261E /* p2UITests */,
			);
		};
/* End PBXProject section */

/* Begin PBXResourcesBuildPhase section */
		F6EDEE591D6AE83900C6261E /* Resources */ = {
			isa = PBXResourcesBuildPhase;
			buildActionMask = 2147483647;
			files = (
				F6EDEE691D6AE83900C6261E /* LaunchScreen.storyboard in Resources */,
				F6EDEE661D6AE83900C6261E /* Assets.xcassets in Resources */,
				F6EDEE641D6AE83900C6261E /* Main.storyboard in Resources */,
			);
			runOnlyForDeploymentPostprocessing = 0;
		};
		F6EDEE6D1D6AE83A00C6261E /* Resources */ = {
			isa = PBXResourcesBuildPhase;
			buildActionMask = 2147483647;
			files = (
			);
			runOnlyForDeploymentPostprocessing = 0;
		};
		F6EDEE781D6AE83A00C6261E /* Resources */ = {
			isa = PBXResourcesBuildPhase;
			buildActionMask = 2147483647;
			files = (
			);
			runOnlyForDeploymentPostprocessing = 0;
		};
/* End PBXResourcesBuildPhase section */

/* Begin PBXSourcesBuildPhase section */
		F6EDEE571D6AE83900C6261E /* Sources */ = {
			isa = PBXSourcesBuildPhase;
			buildActionMask = 2147483647;
			files = (
				F6EDEE611D6AE83900C6261E /* ViewController.swift in Sources */,
				F6EDEE5F1D6AE83900C6261E /* AppDelegate.swift in Sources */,
			);
			runOnlyForDeploymentPostprocessing = 0;
		};
		F6EDEE6B1D6AE83A00C6261E /* Sources */ = {
			isa = PBXSourcesBuildPhase;
			buildActionMask = 2147483647;
			files = (
				F6EDEE741D6AE83A00C6261E /* p2Tests.swift in Sources */,
			);
			runOnlyForDeploymentPostprocessing = 0;
		};
		F6EDEE761D6AE83A00C6261E /* Sources */ = {
			isa = PBXSourcesBuildPhase;
			buildActionMask = 2147483647;
			files = (
				F6EDEE7F1D6AE83A00C6261E /* p2UITests.swift in Sources */,
			);
			runOnlyForDeploymentPostprocessing = 0;
		};
/* End PBXSourcesBuildPhase section */

/* Begin PBXTargetDependency section */
		F6EDEE711D6AE83A00C6261E /* PBXTargetDependency */ = {
			isa = PBXTargetDependency;
			target = F6EDEE5A1D6AE83900C6261E /* p2 */;
			targetProxy = F6EDEE701D6AE83A00C6261E /* PBXContainerItemProxy */;
		};
		F6EDEE7C1D6AE83A00C6261E /* PBXTargetDependency */ = {
			isa = PBXTargetDependency;
			target = F6EDEE5A1D6AE83900C6261E /* p2 */;
			targetProxy = F6EDEE7B1D6AE83A00C6261E /* PBXContainerItemProxy */;
		};
/* End PBXTargetDependency section */

/* Begin PBXVariantGroup section */
		F6EDEE621D6AE83900C6261E /* Main.storyboard */ = {
			isa = PBXVariantGroup;
			children = (
				F6EDEE631D6AE83900C6261E /* Base */,
			);
			name = Main.storyboard;
			sourceTree = "<group>";
		};
		F6EDEE671D6AE83900C6261E /* LaunchScreen.storyboard */ = {
			isa = PBXVariantGroup;
			children = (
				F6EDEE681D6AE83900C6261E /* Base */,
			);
			name = LaunchScreen.storyboard;
			sourceTree = "<group>";
		};
/* End PBXVariantGroup section */

/* Begin XCBuildConfiguration section */
		F6EDEE811D6AE83A00C6261E /* Debug */ = {
			isa = XCBuildConfiguration;
			buildSettings = {
				ALWAYS_SEARCH_USER_PATHS = NO;
				CLANG_CXX_LANGUAGE_STANDARD = "gnu++0x";
				CLANG_CXX_LIBRARY = "libc++";
				CLANG_ENABLE_MODULES = YES;
				CLANG_ENABLE_OBJC_ARC = YES;
				CLANG_WARN_BOOL_CONVERSION = YES;
				CLANG_WARN_CONSTANT_CONVERSION = YES;
				CLANG_WARN_DIRECT_OBJC_ISA_USAGE = YES_ERROR;
				CLANG_WARN_EMPTY_BODY = YES;
				CLANG_WARN_ENUM_CONVERSION = YES;
				CLANG_WARN_INT_CONVERSION = YES;
				CLANG_WARN_OBJC_ROOT_CLASS = YES_ERROR;
				CLANG_WARN_UNREACHABLE_CODE = YES;
				CLANG_WARN__DUPLICATE_METHOD_MATCH = YES;
				"CODE_SIGN_IDENTITY[sdk=iphoneos*]" = "iPhone Developer";
				COPY_PHASE_STRIP = NO;
				DEBUG_INFORMATION_FORMAT = dwarf;
				ENABLE_STRICT_OBJC_MSGSEND = YES;
				ENABLE_TESTABILITY = YES;
				GCC_C_LANGUAGE_STANDARD = gnu99;
				GCC_DYNAMIC_NO_PIC = NO;
				GCC_NO_COMMON_BLOCKS = YES;
				GCC_OPTIMIZATION_LEVEL = 0;
				GCC_PREPROCESSOR_DEFINITIONS = (
					"DEBUG=1",
					"$(inherited)",
				);
				GCC_WARN_64_TO_32_BIT_CONVERSION = YES;
				GCC_WARN_ABOUT_RETURN_TYPE = YES_ERROR;
				GCC_WARN_UNDECLARED_SELECTOR = YES;
				GCC_WARN_UNINITIALIZED_AUTOS = YES_AGGRESSIVE;
				GCC_WARN_UNUSED_FUNCTION = YES;
				GCC_WARN_UNUSED_VARIABLE = YES;
				IPHONEOS_DEPLOYMENT_TARGET = 9.0;
				MTL_ENABLE_DEBUG_INFO = YES;
				ONLY_ACTIVE_ARCH = YES;
				SDKROOT = iphoneos;
				SWIFT_OPTIMIZATION_LEVEL = "-Onone";
			};
			name = Debug;
		};
		F6EDEE821D6AE83A00C6261E /* Release */ = {
			isa = XCBuildConfiguration;
			buildSettings = {
				ALWAYS_SEARCH_USER_PATHS = NO;
				CLANG_CXX_LANGUAGE_STANDARD = "gnu++0x";
				CLANG_CXX_LIBRARY = "libc++";
				CLANG_ENABLE_MODULES = YES;
				CLANG_ENABLE_OBJC_ARC = YES;
				CLANG_WARN_BOOL_CONVERSION = YES;
				CLANG_WARN_CONSTANT_CONVERSION = YES;
				CLANG_WARN_DIRECT_OBJC_ISA_USAGE = YES_ERROR;
				CLANG_WARN_EMPTY_BODY = YES;
				CLANG_WARN_ENUM_CONVERSION = YES;
				CLANG_WARN_INT_CONVERSION = YES;
				CLANG_WARN_OBJC_ROOT_CLASS = YES_ERROR;
				CLANG_WARN_UNREACHABLE_CODE = YES;
				CLANG_WARN__DUPLICATE_METHOD_MATCH = YES;
				"CODE_SIGN_IDENTITY[sdk=iphoneos*]" = "iPhone Developer";
				COPY_PHASE_STRIP = NO;
				DEBUG_INFORMATION_FORMAT = "dwarf-with-dsym";
				ENABLE_NS_ASSERTIONS = NO;
				ENABLE_STRICT_OBJC_MSGSEND = YES;
				GCC_C_LANGUAGE_STANDARD = gnu99;
				GCC_NO_COMMON_BLOCKS = YES;
				GCC_WARN_64_TO_32_BIT_CONVERSION = YES;
				GCC_WARN_ABOUT_RETURN_TYPE = YES_ERROR;
				GCC_WARN_UNDECLARED_SELECTOR = YES;
				GCC_WARN_UNINITIALIZED_AUTOS = YES_AGGRESSIVE;
				GCC_WARN_UNUSED_FUNCTION = YES;
				GCC_WARN_UNUSED_VARIABLE = YES;
				IPHONEOS_DEPLOYMENT_TARGET = 9.0;
				MTL_ENABLE_DEBUG_INFO = NO;
				SDKROOT = iphoneos;
				VALIDATE_PRODUCT = YES;
			};
			name = Release;
		};
		F6EDEE841D6AE83A00C6261E /* Debug */ = {
			isa = XCBuildConfiguration;
			buildSettings = {
				ASSETCATALOG_COMPILER_APPICON_NAME = AppIcon;
				INFOPLIST_FILE = p2/Info.plist;
				LD_RUNPATH_SEARCH_PATHS = "$(inherited) @executable_path/Frameworks";
				PRODUCT_BUNDLE_IDENTIFIER = DDM.p2;
				PRODUCT_NAME = "$(TARGET_NAME)";
			};
			name = Debug;
		};
		F6EDEE851D6AE83A00C6261E /* Release */ = {
			isa = XCBuildConfiguration;
			buildSettings = {
				ASSETCATALOG_COMPILER_APPICON_NAME = AppIcon;
				INFOPLIST_FILE = p2/Info.plist;
				LD_RUNPATH_SEARCH_PATHS = "$(inherited) @executable_path/Frameworks";
				PRODUCT_BUNDLE_IDENTIFIER = DDM.p2;
				PRODUCT_NAME = "$(TARGET_NAME)";
			};
			name = Release;
		};
		F6EDEE871D6AE83A00C6261E /* Debug */ = {
			isa = XCBuildConfiguration;
			buildSettings = {
				BUNDLE_LOADER = "$(TEST_HOST)";
				INFOPLIST_FILE = p2Tests/Info.plist;
				LD_RUNPATH_SEARCH_PATHS = "$(inherited) @executable_path/Frameworks @loader_path/Frameworks";
				PRODUCT_BUNDLE_IDENTIFIER = DDM.p2Tests;
				PRODUCT_NAME = "$(TARGET_NAME)";
				TEST_HOST = "$(BUILT_PRODUCTS_DIR)/p2.app/p2";
			};
			name = Debug;
		};
		F6EDEE881D6AE83A00C6261E /* Release */ = {
			isa = XCBuildConfiguration;
			buildSettings = {
				BUNDLE_LOADER = "$(TEST_HOST)";
				INFOPLIST_FILE = p2Tests/Info.plist;
				LD_RUNPATH_SEARCH_PATHS = "$(inherited) @executable_path/Frameworks @loader_path/Frameworks";
				PRODUCT_BUNDLE_IDENTIFIER = DDM.p2Tests;
				PRODUCT_NAME = "$(TARGET_NAME)";
				TEST_HOST = "$(BUILT_PRODUCTS_DIR)/p2.app/p2";
			};
			name = Release;
		};
		F6EDEE8A1D6AE83A00C6261E /* Debug */ = {
			isa = XCBuildConfiguration;
			buildSettings = {
				INFOPLIST_FILE = p2UITests/Info.plist;
				LD_RUNPATH_SEARCH_PATHS = "$(inherited) @executable_path/Frameworks @loader_path/Frameworks";
				PRODUCT_BUNDLE_IDENTIFIER = DDM.p2UITests;
				PRODUCT_NAME = "$(TARGET_NAME)";
				TEST_TARGET_NAME = p2;
				USES_XCTRUNNER = YES;
			};
			name = Debug;
		};
		F6EDEE8B1D6AE83A00C6261E /* Release */ = {
			isa = XCBuildConfiguration;
			buildSettings = {
				INFOPLIST_FILE = p2UITests/Info.plist;
				LD_RUNPATH_SEARCH_PATHS = "$(inherited) @executable_path/Frameworks @loader_path/Frameworks";
				PRODUCT_BUNDLE_IDENTIFIER = DDM.p2UITests;
				PRODUCT_NAME = "$(TARGET_NAME)";
				TEST_TARGET_NAME = p2;
				USES_XCTRUNNER = YES;
			};
			name = Release;
		};
/* End XCBuildConfiguration section */

/* Begin XCConfigurationList section */
		F6EDEE561D6AE83900C6261E /* Build configuration list for PBXProject "p2" */ = {
			isa = XCConfigurationList;
			buildConfigurations = (
				F6EDEE811D6AE83A00C6261E /* Debug */,
				F6EDEE821D6AE83A00C6261E /* Release */,
			);
			defaultConfigurationIsVisible = 0;
			defaultConfigurationName = Release;
		};
		F6EDEE831D6AE83A00C6261E /* Build configuration list for PBXNativeTarget "p2" */ = {
			isa = XCConfigurationList;
			buildConfigurations = (
				F6EDEE841D6AE83A00C6261E /* Debug */,
				F6EDEE851D6AE83A00C6261E /* Release */,
			);
			defaultConfigurationIsVisible = 0;
		};
		F6EDEE861D6AE83A00C6261E /* Build configuration list for PBXNativeTarget "p2Tests" */ = {
			isa = XCConfigurationList;
			buildConfigurations = (
				F6EDEE871D6AE83A00C6261E /* Debug */,
				F6EDEE881D6AE83A00C6261E /* Release */,
			);
			defaultConfigurationIsVisible = 0;
		};
		F6EDEE891D6AE83A00C6261E /* Build configuration list for PBXNativeTarget "p2UITests" */ = {
			isa = XCConfigurationList;
			buildConfigurations = (
				F6EDEE8A1D6AE83A00C6261E /* Debug */,
				F6EDEE8B1D6AE83A00C6261E /* Release */,
			);
			defaultConfigurationIsVisible = 0;
		};
/* End XCConfigurationList section */
	};
	rootObject = F6EDEE531D6AE83900C6261E /* Project object */;
}
